
Microsoft Visual Studio Solution File, Format Version 12.00
# Visual Studio Version 17
VisualStudioVersion = 17.8.34408.163
MinimumVisualStudioVersion = 10.0.40219.1
Project("{FAE04EC0-301F-11D3-BF4B-00C04F79EFBC}") = "EkseemMaarNet", "EkseemMaarNet.csproj", "{93981DE5-2B50-4FDD-8399-CE8EA9A7D65E}"
EndProject
Global
	GlobalSection(SolutionConfigurationPlatforms) = preSolution
		Debug|Any CPU = Debug|Any CPU
		Release|Any CPU = Release|Any CPU
	EndGlobalSection
	GlobalSection(ProjectConfigurationPlatforms) = postSolution
		{93981DE5-2B50-4FDD-8399-CE8EA9A7D65E}.Debug|Any CPU.ActiveCfg = Debug|Any CPU
		{93981DE5-2B50-4FDD-8399-CE8EA9A7D65E}.Debug|Any CPU.Build.0 = Debug|Any CPU
		{93981DE5-2B50-4FDD-8399-CE8EA9A7D65E}.Debug|Any CPU.Deploy.0 = Debug|Any CPU
		{93981DE5-2B50-4FDD-8399-CE8EA9A7D65E}.Release|Any CPU.ActiveCfg = Release|Any CPU
		{93981DE5-2B50-4FDD-8399-CE8EA9A7D65E}.Release|Any CPU.Build.0 = Release|Any CPU
		{93981DE5-2B50-4FDD-8399-CE8EA9A7D65E}.Release|Any CPU.Deploy.0 = Release|Any CPU
	EndGlobalSection
	GlobalSection(SolutionProperties) = preSolution
		HideSolutionNode = FALSE
	EndGlobalSection
	GlobalSection(ExtensibilityGlobals) = postSolution
		SolutionGuid = {46D7745E-AF53-4CED-8468-7773DA46F230}
	EndGlobalSection
EndGlobal
